// !$*UTF8*$!
{
	archiveVersion = 1;
	classes = {
	};
	objectVersion = 46;
	objects = {

/* Begin PBXBuildFile section */
		09550EE9C5A28A5D03646DE6 /* Pods_DenemeSDKUITests.framework in Frameworks */ = {isa = PBXBuildFile; fileRef = DFA4598E7713F4D87DB98EF3 /* Pods_DenemeSDKUITests.framework */; };
		2D1C9FA31ED34145005EC5A3 /* PayVC.swift in Sources */ = {isa = PBXBuildFile; fileRef = 2D1C9FA21ED34145005EC5A3 /* PayVC.swift */; };
		2D291C391EC08EC900C9FB78 /* AppDelegate.swift in Sources */ = {isa = PBXBuildFile; fileRef = 2D291C381EC08EC900C9FB78 /* AppDelegate.swift */; };
		2D291C3B1EC08EC900C9FB78 /* ViewController.swift in Sources */ = {isa = PBXBuildFile; fileRef = 2D291C3A1EC08EC900C9FB78 /* ViewController.swift */; };
		2D291C3E1EC08EC900C9FB78 /* Main.storyboard in Resources */ = {isa = PBXBuildFile; fileRef = 2D291C3C1EC08EC900C9FB78 /* Main.storyboard */; };
		2D291C401EC08EC900C9FB78 /* Assets.xcassets in Resources */ = {isa = PBXBuildFile; fileRef = 2D291C3F1EC08EC900C9FB78 /* Assets.xcassets */; };
		2D291C431EC08EC900C9FB78 /* LaunchScreen.storyboard in Resources */ = {isa = PBXBuildFile; fileRef = 2D291C411EC08EC900C9FB78 /* LaunchScreen.storyboard */; };
		2D291C4E1EC08EC900C9FB78 /* DenemeSDKTests.swift in Sources */ = {isa = PBXBuildFile; fileRef = 2D291C4D1EC08EC900C9FB78 /* DenemeSDKTests.swift */; };
		2D291C591EC08EC900C9FB78 /* DenemeSDKUITests.swift in Sources */ = {isa = PBXBuildFile; fileRef = 2D291C581EC08EC900C9FB78 /* DenemeSDKUITests.swift */; };
		CF87892EBECE6C9AA4D05C54 /* Pods_DenemeSDKTests.framework in Frameworks */ = {isa = PBXBuildFile; fileRef = 7B477874821347ADA490EC38 /* Pods_DenemeSDKTests.framework */; };
		DC46D7D21ECB368F003FF533 /* BuyBuddyKit.framework in Frameworks */ = {isa = PBXBuildFile; fileRef = DC46D7D11ECB368F003FF533 /* BuyBuddyKit.framework */; };
		DC46D7D31ECB368F003FF533 /* BuyBuddyKit.framework in Embed Frameworks */ = {isa = PBXBuildFile; fileRef = DC46D7D11ECB368F003FF533 /* BuyBuddyKit.framework */; settings = {ATTRIBUTES = (CodeSignOnCopy, RemoveHeadersOnCopy, ); }; };
/* End PBXBuildFile section */

/* Begin PBXContainerItemProxy section */
		2D291C4A1EC08EC900C9FB78 /* PBXContainerItemProxy */ = {
			isa = PBXContainerItemProxy;
			containerPortal = 2D291C2D1EC08EC900C9FB78 /* Project object */;
			proxyType = 1;
			remoteGlobalIDString = 2D291C341EC08EC900C9FB78;
			remoteInfo = DenemeSDK;
		};
		2D291C551EC08EC900C9FB78 /* PBXContainerItemProxy */ = {
			isa = PBXContainerItemProxy;
			containerPortal = 2D291C2D1EC08EC900C9FB78 /* Project object */;
			proxyType = 1;
			remoteGlobalIDString = 2D291C341EC08EC900C9FB78;
			remoteInfo = DenemeSDK;
		};
/* End PBXContainerItemProxy section */

/* Begin PBXCopyFilesBuildPhase section */
		DC46D7741ECA9130003FF533 /* Embed Frameworks */ = {
			isa = PBXCopyFilesBuildPhase;
			buildActionMask = 2147483647;
			dstPath = "";
			dstSubfolderSpec = 10;
			files = (
				DC46D7D31ECB368F003FF533 /* BuyBuddyKit.framework in Embed Frameworks */,
			);
			name = "Embed Frameworks";
			runOnlyForDeploymentPostprocessing = 0;
		};
/* End PBXCopyFilesBuildPhase section */

/* Begin PBXFileReference section */
		0E3ED87946D209AD935F7898 /* Pods-DenemeSDKTests.debug.xcconfig */ = {isa = PBXFileReference; includeInIndex = 1; lastKnownFileType = text.xcconfig; name = "Pods-DenemeSDKTests.debug.xcconfig"; path = "Pods/Target Support Files/Pods-DenemeSDKTests/Pods-DenemeSDKTests.debug.xcconfig"; sourceTree = "<group>"; };
		0E67046CFB9D7E2B5653E5BD /* Pods_DenemeSDK.framework */ = {isa = PBXFileReference; explicitFileType = wrapper.framework; includeInIndex = 0; path = Pods_DenemeSDK.framework; sourceTree = BUILT_PRODUCTS_DIR; };
		165A8C04FFF3B90909649B32 /* Pods-DenemeSDKTests.release.xcconfig */ = {isa = PBXFileReference; includeInIndex = 1; lastKnownFileType = text.xcconfig; name = "Pods-DenemeSDKTests.release.xcconfig"; path = "Pods/Target Support Files/Pods-DenemeSDKTests/Pods-DenemeSDKTests.release.xcconfig"; sourceTree = "<group>"; };
		2D1C9FA21ED34145005EC5A3 /* PayVC.swift */ = {isa = PBXFileReference; fileEncoding = 4; lastKnownFileType = sourcecode.swift; path = PayVC.swift; sourceTree = "<group>"; };
		2D291C351EC08EC900C9FB78 /* DenemeSDK.app */ = {isa = PBXFileReference; explicitFileType = wrapper.application; includeInIndex = 0; path = DenemeSDK.app; sourceTree = BUILT_PRODUCTS_DIR; };
		2D291C381EC08EC900C9FB78 /* AppDelegate.swift */ = {isa = PBXFileReference; lastKnownFileType = sourcecode.swift; path = AppDelegate.swift; sourceTree = "<group>"; };
		2D291C3A1EC08EC900C9FB78 /* ViewController.swift */ = {isa = PBXFileReference; lastKnownFileType = sourcecode.swift; path = ViewController.swift; sourceTree = "<group>"; };
		2D291C3D1EC08EC900C9FB78 /* Base */ = {isa = PBXFileReference; lastKnownFileType = file.storyboard; name = Base; path = Base.lproj/Main.storyboard; sourceTree = "<group>"; };
		2D291C3F1EC08EC900C9FB78 /* Assets.xcassets */ = {isa = PBXFileReference; lastKnownFileType = folder.assetcatalog; path = Assets.xcassets; sourceTree = "<group>"; };
		2D291C421EC08EC900C9FB78 /* Base */ = {isa = PBXFileReference; lastKnownFileType = file.storyboard; name = Base; path = Base.lproj/LaunchScreen.storyboard; sourceTree = "<group>"; };
		2D291C441EC08EC900C9FB78 /* Info.plist */ = {isa = PBXFileReference; lastKnownFileType = text.plist.xml; path = Info.plist; sourceTree = "<group>"; };
		2D291C491EC08EC900C9FB78 /* DenemeSDKTests.xctest */ = {isa = PBXFileReference; explicitFileType = wrapper.cfbundle; includeInIndex = 0; path = DenemeSDKTests.xctest; sourceTree = BUILT_PRODUCTS_DIR; };
		2D291C4D1EC08EC900C9FB78 /* DenemeSDKTests.swift */ = {isa = PBXFileReference; lastKnownFileType = sourcecode.swift; path = DenemeSDKTests.swift; sourceTree = "<group>"; };
		2D291C4F1EC08EC900C9FB78 /* Info.plist */ = {isa = PBXFileReference; lastKnownFileType = text.plist.xml; path = Info.plist; sourceTree = "<group>"; };
		2D291C541EC08EC900C9FB78 /* DenemeSDKUITests.xctest */ = {isa = PBXFileReference; explicitFileType = wrapper.cfbundle; includeInIndex = 0; path = DenemeSDKUITests.xctest; sourceTree = BUILT_PRODUCTS_DIR; };
		2D291C581EC08EC900C9FB78 /* DenemeSDKUITests.swift */ = {isa = PBXFileReference; lastKnownFileType = sourcecode.swift; path = DenemeSDKUITests.swift; sourceTree = "<group>"; };
		2D291C5A1EC08EC900C9FB78 /* Info.plist */ = {isa = PBXFileReference; lastKnownFileType = text.plist.xml; path = Info.plist; sourceTree = "<group>"; };
		2D291C661EC08F2F00C9FB78 /* RSBarcodes_Swift.framework */ = {isa = PBXFileReference; lastKnownFileType = wrapper.framework; name = RSBarcodes_Swift.framework; path = "../../Library/Developer/Xcode/DerivedData/DenemeSDK-dgwlkpxriwwzmiartwhqkaxlqpfz/Build/Products/Debug-iphoneos/RSBarcodes_Swift/RSBarcodes_Swift.framework"; sourceTree = "<group>"; };
		37C5CB3DDDB7FB18B888A7BA /* Pods-DenemeSDKUITests.release.xcconfig */ = {isa = PBXFileReference; includeInIndex = 1; lastKnownFileType = text.xcconfig; name = "Pods-DenemeSDKUITests.release.xcconfig"; path = "Pods/Target Support Files/Pods-DenemeSDKUITests/Pods-DenemeSDKUITests.release.xcconfig"; sourceTree = "<group>"; };
		6C6EEA0F9A7219AC2168616F /* Pods-DenemeSDK.debug.xcconfig */ = {isa = PBXFileReference; includeInIndex = 1; lastKnownFileType = text.xcconfig; name = "Pods-DenemeSDK.debug.xcconfig"; path = "Pods/Target Support Files/Pods-DenemeSDK/Pods-DenemeSDK.debug.xcconfig"; sourceTree = "<group>"; };
		7B477874821347ADA490EC38 /* Pods_DenemeSDKTests.framework */ = {isa = PBXFileReference; explicitFileType = wrapper.framework; includeInIndex = 0; path = Pods_DenemeSDKTests.framework; sourceTree = BUILT_PRODUCTS_DIR; };
		B61E0C747996272854C3E941 /* Pods-DenemeSDKUITests.debug.xcconfig */ = {isa = PBXFileReference; includeInIndex = 1; lastKnownFileType = text.xcconfig; name = "Pods-DenemeSDKUITests.debug.xcconfig"; path = "Pods/Target Support Files/Pods-DenemeSDKUITests/Pods-DenemeSDKUITests.debug.xcconfig"; sourceTree = "<group>"; };
		DC46D7701ECA9129003FF533 /* Pods_DenemeSDK.framework */ = {isa = PBXFileReference; lastKnownFileType = wrapper.framework; name = Pods_DenemeSDK.framework; path = "../../Library/Developer/Xcode/DerivedData/DenemeSDK-avplzuykbizagheghosyvnvbnfje/Build/Products/Debug-iphonesimulator/Pods_DenemeSDK.framework"; sourceTree = "<group>"; };
		DC46D7D11ECB368F003FF533 /* BuyBuddyKit.framework */ = {isa = PBXFileReference; explicitFileType = wrapper.framework; path = BuyBuddyKit.framework; sourceTree = BUILT_PRODUCTS_DIR; };
		DFA4598E7713F4D87DB98EF3 /* Pods_DenemeSDKUITests.framework */ = {isa = PBXFileReference; explicitFileType = wrapper.framework; includeInIndex = 0; path = Pods_DenemeSDKUITests.framework; sourceTree = BUILT_PRODUCTS_DIR; };
		F17B0554681B05775415AA16 /* Pods-DenemeSDK.release.xcconfig */ = {isa = PBXFileReference; includeInIndex = 1; lastKnownFileType = text.xcconfig; name = "Pods-DenemeSDK.release.xcconfig"; path = "Pods/Target Support Files/Pods-DenemeSDK/Pods-DenemeSDK.release.xcconfig"; sourceTree = "<group>"; };
/* End PBXFileReference section */

/* Begin PBXFrameworksBuildPhase section */
		2D291C321EC08EC900C9FB78 /* Frameworks */ = {
			isa = PBXFrameworksBuildPhase;
			buildActionMask = 2147483647;
			files = (
				DC46D7D21ECB368F003FF533 /* BuyBuddyKit.framework in Frameworks */,
			);
			runOnlyForDeploymentPostprocessing = 0;
		};
		2D291C461EC08EC900C9FB78 /* Frameworks */ = {
			isa = PBXFrameworksBuildPhase;
			buildActionMask = 2147483647;
			files = (
				CF87892EBECE6C9AA4D05C54 /* Pods_DenemeSDKTests.framework in Frameworks */,
			);
			runOnlyForDeploymentPostprocessing = 0;
		};
		2D291C511EC08EC900C9FB78 /* Frameworks */ = {
			isa = PBXFrameworksBuildPhase;
			buildActionMask = 2147483647;
			files = (
				09550EE9C5A28A5D03646DE6 /* Pods_DenemeSDKUITests.framework in Frameworks */,
			);
			runOnlyForDeploymentPostprocessing = 0;
		};
/* End PBXFrameworksBuildPhase section */

/* Begin PBXGroup section */
		2D291C2C1EC08EC900C9FB78 = {
			isa = PBXGroup;
			children = (
				DC46D7D11ECB368F003FF533 /* BuyBuddyKit.framework */,
				2D291C371EC08EC900C9FB78 /* DenemeSDK */,
				2D291C4C1EC08EC900C9FB78 /* DenemeSDKTests */,
				2D291C571EC08EC900C9FB78 /* DenemeSDKUITests */,
				2D291C361EC08EC900C9FB78 /* Products */,
				EB2FF8E1F9AE1FE4FD5E5139 /* Pods */,
				9E02701A98C7C3B9204AE8C7 /* Frameworks */,
			);
			sourceTree = "<group>";
		};
		2D291C361EC08EC900C9FB78 /* Products */ = {
			isa = PBXGroup;
			children = (
				2D291C351EC08EC900C9FB78 /* DenemeSDK.app */,
				2D291C491EC08EC900C9FB78 /* DenemeSDKTests.xctest */,
				2D291C541EC08EC900C9FB78 /* DenemeSDKUITests.xctest */,
			);
			name = Products;
			sourceTree = "<group>";
		};
		2D291C371EC08EC900C9FB78 /* DenemeSDK */ = {
			isa = PBXGroup;
			children = (
				2D291C381EC08EC900C9FB78 /* AppDelegate.swift */,
				2D291C3A1EC08EC900C9FB78 /* ViewController.swift */,
				2D1C9FA21ED34145005EC5A3 /* PayVC.swift */,
				2D291C3C1EC08EC900C9FB78 /* Main.storyboard */,
				2D291C3F1EC08EC900C9FB78 /* Assets.xcassets */,
				2D291C411EC08EC900C9FB78 /* LaunchScreen.storyboard */,
				2D291C441EC08EC900C9FB78 /* Info.plist */,
			);
			path = DenemeSDK;
			sourceTree = "<group>";
		};
		2D291C4C1EC08EC900C9FB78 /* DenemeSDKTests */ = {
			isa = PBXGroup;
			children = (
				2D291C4D1EC08EC900C9FB78 /* DenemeSDKTests.swift */,
				2D291C4F1EC08EC900C9FB78 /* Info.plist */,
			);
			path = DenemeSDKTests;
			sourceTree = "<group>";
		};
		2D291C571EC08EC900C9FB78 /* DenemeSDKUITests */ = {
			isa = PBXGroup;
			children = (
				2D291C581EC08EC900C9FB78 /* DenemeSDKUITests.swift */,
				2D291C5A1EC08EC900C9FB78 /* Info.plist */,
			);
			path = DenemeSDKUITests;
			sourceTree = "<group>";
		};
		9E02701A98C7C3B9204AE8C7 /* Frameworks */ = {
			isa = PBXGroup;
			children = (
				DC46D7701ECA9129003FF533 /* Pods_DenemeSDK.framework */,
				2D291C661EC08F2F00C9FB78 /* RSBarcodes_Swift.framework */,
				0E67046CFB9D7E2B5653E5BD /* Pods_DenemeSDK.framework */,
				7B477874821347ADA490EC38 /* Pods_DenemeSDKTests.framework */,
				DFA4598E7713F4D87DB98EF3 /* Pods_DenemeSDKUITests.framework */,
			);
			name = Frameworks;
			sourceTree = "<group>";
		};
		EB2FF8E1F9AE1FE4FD5E5139 /* Pods */ = {
			isa = PBXGroup;
			children = (
				6C6EEA0F9A7219AC2168616F /* Pods-DenemeSDK.debug.xcconfig */,
				F17B0554681B05775415AA16 /* Pods-DenemeSDK.release.xcconfig */,
				0E3ED87946D209AD935F7898 /* Pods-DenemeSDKTests.debug.xcconfig */,
				165A8C04FFF3B90909649B32 /* Pods-DenemeSDKTests.release.xcconfig */,
				B61E0C747996272854C3E941 /* Pods-DenemeSDKUITests.debug.xcconfig */,
				37C5CB3DDDB7FB18B888A7BA /* Pods-DenemeSDKUITests.release.xcconfig */,
			);
			name = Pods;
			sourceTree = "<group>";
		};
/* End PBXGroup section */

/* Begin PBXNativeTarget section */
		2D291C341EC08EC900C9FB78 /* DenemeSDK */ = {
			isa = PBXNativeTarget;
			buildConfigurationList = 2D291C5D1EC08EC900C9FB78 /* Build configuration list for PBXNativeTarget "DenemeSDK" */;
			buildPhases = (
				AD4D1C941D94CDE96471EBDD /* [CP] Check Pods Manifest.lock */,
				2D291C311EC08EC900C9FB78 /* Sources */,
				2D291C321EC08EC900C9FB78 /* Frameworks */,
				2D291C331EC08EC900C9FB78 /* Resources */,
				E7555ACB59511690A3E8D6DB /* [CP] Embed Pods Frameworks */,
				A65C6F6B29857E8866F922DF /* [CP] Copy Pods Resources */,
				DC46D7741ECA9130003FF533 /* Embed Frameworks */,
			);
			buildRules = (
			);
			dependencies = (
			);
			name = DenemeSDK;
			productName = DenemeSDK;
			productReference = 2D291C351EC08EC900C9FB78 /* DenemeSDK.app */;
			productType = "com.apple.product-type.application";
		};
		2D291C481EC08EC900C9FB78 /* DenemeSDKTests */ = {
			isa = PBXNativeTarget;
			buildConfigurationList = 2D291C601EC08EC900C9FB78 /* Build configuration list for PBXNativeTarget "DenemeSDKTests" */;
			buildPhases = (
				714B2CE4D9F70FD78E26DEC4 /* [CP] Check Pods Manifest.lock */,
				2D291C451EC08EC900C9FB78 /* Sources */,
				2D291C461EC08EC900C9FB78 /* Frameworks */,
				2D291C471EC08EC900C9FB78 /* Resources */,
				36602540668D0217BD2D1916 /* [CP] Embed Pods Frameworks */,
				E5A60A44CED680155582F3AB /* [CP] Copy Pods Resources */,
			);
			buildRules = (
			);
			dependencies = (
				2D291C4B1EC08EC900C9FB78 /* PBXTargetDependency */,
			);
			name = DenemeSDKTests;
			productName = DenemeSDKTests;
			productReference = 2D291C491EC08EC900C9FB78 /* DenemeSDKTests.xctest */;
			productType = "com.apple.product-type.bundle.unit-test";
		};
		2D291C531EC08EC900C9FB78 /* DenemeSDKUITests */ = {
			isa = PBXNativeTarget;
			buildConfigurationList = 2D291C631EC08EC900C9FB78 /* Build configuration list for PBXNativeTarget "DenemeSDKUITests" */;
			buildPhases = (
				7322D93310B40F72BEB2C4A7 /* [CP] Check Pods Manifest.lock */,
				2D291C501EC08EC900C9FB78 /* Sources */,
				2D291C511EC08EC900C9FB78 /* Frameworks */,
				2D291C521EC08EC900C9FB78 /* Resources */,
				24DE568E0C2947B9B1DEBA4C /* [CP] Embed Pods Frameworks */,
				569B44138BD3108EE92365A1 /* [CP] Copy Pods Resources */,
			);
			buildRules = (
			);
			dependencies = (
				2D291C561EC08EC900C9FB78 /* PBXTargetDependency */,
			);
			name = DenemeSDKUITests;
			productName = DenemeSDKUITests;
			productReference = 2D291C541EC08EC900C9FB78 /* DenemeSDKUITests.xctest */;
			productType = "com.apple.product-type.bundle.ui-testing";
		};
/* End PBXNativeTarget section */

/* Begin PBXProject section */
		2D291C2D1EC08EC900C9FB78 /* Project object */ = {
			isa = PBXProject;
			attributes = {
				LastSwiftUpdateCheck = 0830;
				LastUpgradeCheck = 0830;
				ORGANIZATIONNAME = BuyBuddy;
				TargetAttributes = {
					2D291C341EC08EC900C9FB78 = {
						CreatedOnToolsVersion = 8.3.2;
						DevelopmentTeam = X4R5K8NKGR;
						ProvisioningStyle = Automatic;
						SystemCapabilities = {
							com.apple.BackgroundModes = {
								enabled = 1;
							};
						};
					};
					2D291C481EC08EC900C9FB78 = {
						CreatedOnToolsVersion = 8.3.2;
						DevelopmentTeam = DC4PQL4D7Y;
						ProvisioningStyle = Automatic;
						TestTargetID = 2D291C341EC08EC900C9FB78;
					};
					2D291C531EC08EC900C9FB78 = {
						CreatedOnToolsVersion = 8.3.2;
						DevelopmentTeam = DC4PQL4D7Y;
						ProvisioningStyle = Automatic;
						TestTargetID = 2D291C341EC08EC900C9FB78;
					};
				};
			};
			buildConfigurationList = 2D291C301EC08EC900C9FB78 /* Build configuration list for PBXProject "DenemeSDK" */;
			compatibilityVersion = "Xcode 3.2";
			developmentRegion = English;
			hasScannedForEncodings = 0;
			knownRegions = (
				en,
				Base,
			);
			mainGroup = 2D291C2C1EC08EC900C9FB78;
			productRefGroup = 2D291C361EC08EC900C9FB78 /* Products */;
			projectDirPath = "";
			projectRoot = "";
			targets = (
				2D291C341EC08EC900C9FB78 /* DenemeSDK */,
				2D291C481EC08EC900C9FB78 /* DenemeSDKTests */,
				2D291C531EC08EC900C9FB78 /* DenemeSDKUITests */,
			);
		};
/* End PBXProject section */

/* Begin PBXResourcesBuildPhase section */
		2D291C331EC08EC900C9FB78 /* Resources */ = {
			isa = PBXResourcesBuildPhase;
			buildActionMask = 2147483647;
			files = (
				2D291C431EC08EC900C9FB78 /* LaunchScreen.storyboard in Resources */,
				2D291C401EC08EC900C9FB78 /* Assets.xcassets in Resources */,
				2D291C3E1EC08EC900C9FB78 /* Main.storyboard in Resources */,
			);
			runOnlyForDeploymentPostprocessing = 0;
		};
		2D291C471EC08EC900C9FB78 /* Resources */ = {
			isa = PBXResourcesBuildPhase;
			buildActionMask = 2147483647;
			files = (
			);
			runOnlyForDeploymentPostprocessing = 0;
		};
		2D291C521EC08EC900C9FB78 /* Resources */ = {
			isa = PBXResourcesBuildPhase;
			buildActionMask = 2147483647;
			files = (
			);
			runOnlyForDeploymentPostprocessing = 0;
		};
/* End PBXResourcesBuildPhase section */

/* Begin PBXShellScriptBuildPhase section */
		24DE568E0C2947B9B1DEBA4C /* [CP] Embed Pods Frameworks */ = {
			isa = PBXShellScriptBuildPhase;
			buildActionMask = 2147483647;
			files = (
			);
			inputPaths = (
			);
			name = "[CP] Embed Pods Frameworks";
			outputPaths = (
			);
			runOnlyForDeploymentPostprocessing = 0;
			shellPath = /bin/sh;
			shellScript = "\"${SRCROOT}/Pods/Target Support Files/Pods-DenemeSDKUITests/Pods-DenemeSDKUITests-frameworks.sh\"\n";
			showEnvVarsInLog = 0;
		};
		36602540668D0217BD2D1916 /* [CP] Embed Pods Frameworks */ = {
			isa = PBXShellScriptBuildPhase;
			buildActionMask = 2147483647;
			files = (
			);
			inputPaths = (
			);
			name = "[CP] Embed Pods Frameworks";
			outputPaths = (
			);
			runOnlyForDeploymentPostprocessing = 0;
			shellPath = /bin/sh;
			shellScript = "\"${SRCROOT}/Pods/Target Support Files/Pods-DenemeSDKTests/Pods-DenemeSDKTests-frameworks.sh\"\n";
			showEnvVarsInLog = 0;
		};
		569B44138BD3108EE92365A1 /* [CP] Copy Pods Resources */ = {
			isa = PBXShellScriptBuildPhase;
			buildActionMask = 2147483647;
			files = (
			);
			inputPaths = (
			);
			name = "[CP] Copy Pods Resources";
			outputPaths = (
			);
			runOnlyForDeploymentPostprocessing = 0;
			shellPath = /bin/sh;
			shellScript = "\"${SRCROOT}/Pods/Target Support Files/Pods-DenemeSDKUITests/Pods-DenemeSDKUITests-resources.sh\"\n";
			showEnvVarsInLog = 0;
		};
		714B2CE4D9F70FD78E26DEC4 /* [CP] Check Pods Manifest.lock */ = {
			isa = PBXShellScriptBuildPhase;
			buildActionMask = 2147483647;
			files = (
			);
			inputPaths = (
			);
			name = "[CP] Check Pods Manifest.lock";
			outputPaths = (
			);
			runOnlyForDeploymentPostprocessing = 0;
			shellPath = /bin/sh;
			shellScript = "diff \"${PODS_ROOT}/../Podfile.lock\" \"${PODS_ROOT}/Manifest.lock\" > /dev/null\nif [ $? != 0 ] ; then\n    # print error to STDERR\n    echo \"error: The sandbox is not in sync with the Podfile.lock. Run 'pod install' or update your CocoaPods installation.\" >&2\n    exit 1\nfi\n";
			showEnvVarsInLog = 0;
		};
		7322D93310B40F72BEB2C4A7 /* [CP] Check Pods Manifest.lock */ = {
			isa = PBXShellScriptBuildPhase;
			buildActionMask = 2147483647;
			files = (
			);
			inputPaths = (
			);
			name = "[CP] Check Pods Manifest.lock";
			outputPaths = (
			);
			runOnlyForDeploymentPostprocessing = 0;
			shellPath = /bin/sh;
			shellScript = "diff \"${PODS_ROOT}/../Podfile.lock\" \"${PODS_ROOT}/Manifest.lock\" > /dev/null\nif [ $? != 0 ] ; then\n    # print error to STDERR\n    echo \"error: The sandbox is not in sync with the Podfile.lock. Run 'pod install' or update your CocoaPods installation.\" >&2\n    exit 1\nfi\n";
			showEnvVarsInLog = 0;
		};
		A65C6F6B29857E8866F922DF /* [CP] Copy Pods Resources */ = {
			isa = PBXShellScriptBuildPhase;
			buildActionMask = 2147483647;
			files = (
			);
			inputPaths = (
			);
			name = "[CP] Copy Pods Resources";
			outputPaths = (
			);
			runOnlyForDeploymentPostprocessing = 0;
			shellPath = /bin/sh;
			shellScript = "\"${SRCROOT}/Pods/Target Support Files/Pods-DenemeSDK/Pods-DenemeSDK-resources.sh\"\n";
			showEnvVarsInLog = 0;
		};
		AD4D1C941D94CDE96471EBDD /* [CP] Check Pods Manifest.lock */ = {
			isa = PBXShellScriptBuildPhase;
			buildActionMask = 2147483647;
			files = (
			);
			inputPaths = (
			);
			name = "[CP] Check Pods Manifest.lock";
			outputPaths = (
			);
			runOnlyForDeploymentPostprocessing = 0;
			shellPath = /bin/sh;
			shellScript = "diff \"${PODS_ROOT}/../Podfile.lock\" \"${PODS_ROOT}/Manifest.lock\" > /dev/null\nif [ $? != 0 ] ; then\n    # print error to STDERR\n    echo \"error: The sandbox is not in sync with the Podfile.lock. Run 'pod install' or update your CocoaPods installation.\" >&2\n    exit 1\nfi\n";
			showEnvVarsInLog = 0;
		};
		E5A60A44CED680155582F3AB /* [CP] Copy Pods Resources */ = {
			isa = PBXShellScriptBuildPhase;
			buildActionMask = 2147483647;
			files = (
			);
			inputPaths = (
			);
			name = "[CP] Copy Pods Resources";
			outputPaths = (
			);
			runOnlyForDeploymentPostprocessing = 0;
			shellPath = /bin/sh;
			shellScript = "\"${SRCROOT}/Pods/Target Support Files/Pods-DenemeSDKTests/Pods-DenemeSDKTests-resources.sh\"\n";
			showEnvVarsInLog = 0;
		};
		E7555ACB59511690A3E8D6DB /* [CP] Embed Pods Frameworks */ = {
			isa = PBXShellScriptBuildPhase;
			buildActionMask = 2147483647;
			files = (
			);
			inputPaths = (
			);
			name = "[CP] Embed Pods Frameworks";
			outputPaths = (
			);
			runOnlyForDeploymentPostprocessing = 0;
			shellPath = /bin/sh;
			shellScript = "\"${SRCROOT}/Pods/Target Support Files/Pods-DenemeSDK/Pods-DenemeSDK-frameworks.sh\"\n";
			showEnvVarsInLog = 0;
		};
/* End PBXShellScriptBuildPhase section */

/* Begin PBXSourcesBuildPhase section */
		2D291C311EC08EC900C9FB78 /* Sources */ = {
			isa = PBXSourcesBuildPhase;
			buildActionMask = 2147483647;
			files = (
				2D291C3B1EC08EC900C9FB78 /* ViewController.swift in Sources */,
				2D291C391EC08EC900C9FB78 /* AppDelegate.swift in Sources */,
				2D1C9FA31ED34145005EC5A3 /* PayVC.swift in Sources */,
			);
			runOnlyForDeploymentPostprocessing = 0;
		};
		2D291C451EC08EC900C9FB78 /* Sources */ = {
			isa = PBXSourcesBuildPhase;
			buildActionMask = 2147483647;
			files = (
				2D291C4E1EC08EC900C9FB78 /* DenemeSDKTests.swift in Sources */,
			);
			runOnlyForDeploymentPostprocessing = 0;
		};
		2D291C501EC08EC900C9FB78 /* Sources */ = {
			isa = PBXSourcesBuildPhase;
			buildActionMask = 2147483647;
			files = (
				2D291C591EC08EC900C9FB78 /* DenemeSDKUITests.swift in Sources */,
			);
			runOnlyForDeploymentPostprocessing = 0;
		};
/* End PBXSourcesBuildPhase section */

/* Begin PBXTargetDependency section */
		2D291C4B1EC08EC900C9FB78 /* PBXTargetDependency */ = {
			isa = PBXTargetDependency;
			target = 2D291C341EC08EC900C9FB78 /* DenemeSDK */;
			targetProxy = 2D291C4A1EC08EC900C9FB78 /* PBXContainerItemProxy */;
		};
		2D291C561EC08EC900C9FB78 /* PBXTargetDependency */ = {
			isa = PBXTargetDependency;
			target = 2D291C341EC08EC900C9FB78 /* DenemeSDK */;
			targetProxy = 2D291C551EC08EC900C9FB78 /* PBXContainerItemProxy */;
		};
/* End PBXTargetDependency section */

/* Begin PBXVariantGroup section */
		2D291C3C1EC08EC900C9FB78 /* Main.storyboard */ = {
			isa = PBXVariantGroup;
			children = (
				2D291C3D1EC08EC900C9FB78 /* Base */,
			);
			name = Main.storyboard;
			sourceTree = "<group>";
		};
		2D291C411EC08EC900C9FB78 /* LaunchScreen.storyboard */ = {
			isa = PBXVariantGroup;
			children = (
				2D291C421EC08EC900C9FB78 /* Base */,
			);
			name = LaunchScreen.storyboard;
			sourceTree = "<group>";
		};
/* End PBXVariantGroup section */

/* Begin XCBuildConfiguration section */
		2D291C5B1EC08EC900C9FB78 /* Debug */ = {
			isa = XCBuildConfiguration;
			buildSettings = {
				ALWAYS_SEARCH_USER_PATHS = NO;
				CLANG_ANALYZER_NONNULL = YES;
				CLANG_ANALYZER_NUMBER_OBJECT_CONVERSION = YES_AGGRESSIVE;
				CLANG_CXX_LANGUAGE_STANDARD = "gnu++0x";
				CLANG_CXX_LIBRARY = "libc++";
				CLANG_ENABLE_MODULES = YES;
				CLANG_ENABLE_OBJC_ARC = YES;
				CLANG_WARN_BOOL_CONVERSION = YES;
				CLANG_WARN_CONSTANT_CONVERSION = YES;
				CLANG_WARN_DIRECT_OBJC_ISA_USAGE = YES_ERROR;
				CLANG_WARN_DOCUMENTATION_COMMENTS = YES;
				CLANG_WARN_EMPTY_BODY = YES;
				CLANG_WARN_ENUM_CONVERSION = YES;
				CLANG_WARN_INFINITE_RECURSION = YES;
				CLANG_WARN_INT_CONVERSION = YES;
				CLANG_WARN_OBJC_ROOT_CLASS = YES_ERROR;
				CLANG_WARN_SUSPICIOUS_MOVE = YES;
				CLANG_WARN_UNREACHABLE_CODE = YES;
				CLANG_WARN__DUPLICATE_METHOD_MATCH = YES;
				"CODE_SIGN_IDENTITY[sdk=iphoneos*]" = "iPhone Developer";
				COPY_PHASE_STRIP = NO;
				DEBUG_INFORMATION_FORMAT = dwarf;
				ENABLE_STRICT_OBJC_MSGSEND = YES;
				ENABLE_TESTABILITY = YES;
				GCC_C_LANGUAGE_STANDARD = gnu99;
				GCC_DYNAMIC_NO_PIC = NO;
				GCC_NO_COMMON_BLOCKS = YES;
				GCC_OPTIMIZATION_LEVEL = 0;
				GCC_PREPROCESSOR_DEFINITIONS = (
					"DEBUG=1",
					"$(inherited)",
				);
				GCC_WARN_64_TO_32_BIT_CONVERSION = YES;
				GCC_WARN_ABOUT_RETURN_TYPE = YES_ERROR;
				GCC_WARN_UNDECLARED_SELECTOR = YES;
				GCC_WARN_UNINITIALIZED_AUTOS = YES_AGGRESSIVE;
				GCC_WARN_UNUSED_FUNCTION = YES;
				GCC_WARN_UNUSED_VARIABLE = YES;
				IPHONEOS_DEPLOYMENT_TARGET = 10.3;
				MTL_ENABLE_DEBUG_INFO = YES;
				ONLY_ACTIVE_ARCH = YES;
				SDKROOT = iphoneos;
				SWIFT_ACTIVE_COMPILATION_CONDITIONS = DEBUG;
				SWIFT_OPTIMIZATION_LEVEL = "-Onone";
			};
			name = Debug;
		};
		2D291C5C1EC08EC900C9FB78 /* Release */ = {
			isa = XCBuildConfiguration;
			buildSettings = {
				ALWAYS_SEARCH_USER_PATHS = NO;
				CLANG_ANALYZER_NONNULL = YES;
				CLANG_ANALYZER_NUMBER_OBJECT_CONVERSION = YES_AGGRESSIVE;
				CLANG_CXX_LANGUAGE_STANDARD = "gnu++0x";
				CLANG_CXX_LIBRARY = "libc++";
				CLANG_ENABLE_MODULES = YES;
				CLANG_ENABLE_OBJC_ARC = YES;
				CLANG_WARN_BOOL_CONVERSION = YES;
				CLANG_WARN_CONSTANT_CONVERSION = YES;
				CLANG_WARN_DIRECT_OBJC_ISA_USAGE = YES_ERROR;
				CLANG_WARN_DOCUMENTATION_COMMENTS = YES;
				CLANG_WARN_EMPTY_BODY = YES;
				CLANG_WARN_ENUM_CONVERSION = YES;
				CLANG_WARN_INFINITE_RECURSION = YES;
				CLANG_WARN_INT_CONVERSION = YES;
				CLANG_WARN_OBJC_ROOT_CLASS = YES_ERROR;
				CLANG_WARN_SUSPICIOUS_MOVE = YES;
				CLANG_WARN_UNREACHABLE_CODE = YES;
				CLANG_WARN__DUPLICATE_METHOD_MATCH = YES;
				"CODE_SIGN_IDENTITY[sdk=iphoneos*]" = "iPhone Developer";
				COPY_PHASE_STRIP = NO;
				DEBUG_INFORMATION_FORMAT = "dwarf-with-dsym";
				ENABLE_NS_ASSERTIONS = NO;
				ENABLE_STRICT_OBJC_MSGSEND = YES;
				GCC_C_LANGUAGE_STANDARD = gnu99;
				GCC_NO_COMMON_BLOCKS = YES;
				GCC_WARN_64_TO_32_BIT_CONVERSION = YES;
				GCC_WARN_ABOUT_RETURN_TYPE = YES_ERROR;
				GCC_WARN_UNDECLARED_SELECTOR = YES;
				GCC_WARN_UNINITIALIZED_AUTOS = YES_AGGRESSIVE;
				GCC_WARN_UNUSED_FUNCTION = YES;
				GCC_WARN_UNUSED_VARIABLE = YES;
				IPHONEOS_DEPLOYMENT_TARGET = 10.3;
				MTL_ENABLE_DEBUG_INFO = NO;
				SDKROOT = iphoneos;
				SWIFT_OPTIMIZATION_LEVEL = "-Owholemodule";
				VALIDATE_PRODUCT = YES;
			};
			name = Release;
		};
		2D291C5E1EC08EC900C9FB78 /* Debug */ = {
			isa = XCBuildConfiguration;
			baseConfigurationReference = 6C6EEA0F9A7219AC2168616F /* Pods-DenemeSDK.debug.xcconfig */;
			buildSettings = {
				ASSETCATALOG_COMPILER_APPICON_NAME = AppIcon;
				DEVELOPMENT_TEAM = X4R5K8NKGR;
				FRAMEWORK_SEARCH_PATHS = (
					"$(inherited)",
					"$(PROJECT_DIR)",
				);
				INFOPLIST_FILE = DenemeSDK/Info.plist;
				IPHONEOS_DEPLOYMENT_TARGET = 9.0;
				LD_RUNPATH_SEARCH_PATHS = "$(inherited) @executable_path/Frameworks";
				PRODUCT_BUNDLE_IDENTIFIER = co.furkan.DenemeSDK;
				PRODUCT_NAME = "$(TARGET_NAME)";
				SWIFT_VERSION = 3.0;
			};
			name = Debug;
		};
		2D291C5F1EC08EC900C9FB78 /* Release */ = {
			isa = XCBuildConfiguration;
			baseConfigurationReference = F17B0554681B05775415AA16 /* Pods-DenemeSDK.release.xcconfig */;
			buildSettings = {
				ASSETCATALOG_COMPILER_APPICON_NAME = AppIcon;
				DEVELOPMENT_TEAM = X4R5K8NKGR;
				FRAMEWORK_SEARCH_PATHS = (
					"$(inherited)",
					"$(PROJECT_DIR)",
				);
				INFOPLIST_FILE = DenemeSDK/Info.plist;
				IPHONEOS_DEPLOYMENT_TARGET = 9.0;
				LD_RUNPATH_SEARCH_PATHS = "$(inherited) @executable_path/Frameworks";
				PRODUCT_BUNDLE_IDENTIFIER = co.furkan.DenemeSDK;
				PRODUCT_NAME = "$(TARGET_NAME)";
				SWIFT_VERSION = 3.0;
			};
			name = Release;
		};
		2D291C611EC08EC900C9FB78 /* Debug */ = {
			isa = XCBuildConfiguration;
			baseConfigurationReference = 0E3ED87946D209AD935F7898 /* Pods-DenemeSDKTests.debug.xcconfig */;
			buildSettings = {
				ALWAYS_EMBED_SWIFT_STANDARD_LIBRARIES = YES;
				BUNDLE_LOADER = "$(TEST_HOST)";
				DEVELOPMENT_TEAM = DC4PQL4D7Y;
				INFOPLIST_FILE = DenemeSDKTests/Info.plist;
				LD_RUNPATH_SEARCH_PATHS = "$(inherited) @executable_path/Frameworks @loader_path/Frameworks";
				PRODUCT_BUNDLE_IDENTIFIER = co.buybuddy.DenemeSDKTests;
				PRODUCT_NAME = "$(TARGET_NAME)";
				SWIFT_VERSION = 3.0;
				TEST_HOST = "$(BUILT_PRODUCTS_DIR)/DenemeSDK.app/DenemeSDK";
			};
			name = Debug;
		};
		2D291C621EC08EC900C9FB78 /* Release */ = {
			isa = XCBuildConfiguration;
			baseConfigurationReference = 165A8C04FFF3B90909649B32 /* Pods-DenemeSDKTests.release.xcconfig */;
			buildSettings = {
				ALWAYS_EMBED_SWIFT_STANDARD_LIBRARIES = YES;
				BUNDLE_LOADER = "$(TEST_HOST)";
				DEVELOPMENT_TEAM = DC4PQL4D7Y;
				INFOPLIST_FILE = DenemeSDKTests/Info.plist;
				LD_RUNPATH_SEARCH_PATHS = "$(inherited) @executable_path/Frameworks @loader_path/Frameworks";
				PRODUCT_BUNDLE_IDENTIFIER = co.buybuddy.DenemeSDKTests;
				PRODUCT_NAME = "$(TARGET_NAME)";
				SWIFT_VERSION = 3.0;
				TEST_HOST = "$(BUILT_PRODUCTS_DIR)/DenemeSDK.app/DenemeSDK";
			};
			name = Release;
		};
		2D291C641EC08EC900C9FB78 /* Debug */ = {
			isa = XCBuildConfiguration;
			baseConfigurationReference = B61E0C747996272854C3E941 /* Pods-DenemeSDKUITests.debug.xcconfig */;
			buildSettings = {
				ALWAYS_EMBED_SWIFT_STANDARD_LIBRARIES = YES;
				DEVELOPMENT_TEAM = DC4PQL4D7Y;
				INFOPLIST_FILE = DenemeSDKUITests/Info.plist;
				LD_RUNPATH_SEARCH_PATHS = "$(inherited) @executable_path/Frameworks @loader_path/Frameworks";
				PRODUCT_BUNDLE_IDENTIFIER = co.buybuddy.DenemeSDKUITests;
				PRODUCT_NAME = "$(TARGET_NAME)";
				SWIFT_VERSION = 3.0;
				TEST_TARGET_NAME = DenemeSDK;
			};
			name = Debug;
		};
		2D291C651EC08EC900C9FB78 /* Release */ = {
			isa = XCBuildConfiguration;
			baseConfigurationReference = 37C5CB3DDDB7FB18B888A7BA /* Pods-DenemeSDKUITests.release.xcconfig */;
			buildSettings = {
				ALWAYS_EMBED_SWIFT_STANDARD_LIBRARIES = YES;
				DEVELOPMENT_TEAM = DC4PQL4D7Y;
				INFOPLIST_FILE = DenemeSDKUITests/Info.plist;
				LD_RUNPATH_SEARCH_PATHS = "$(inherited) @executable_path/Frameworks @loader_path/Frameworks";
				PRODUCT_BUNDLE_IDENTIFIER = co.buybuddy.DenemeSDKUITests;
				PRODUCT_NAME = "$(TARGET_NAME)";
				SWIFT_VERSION = 3.0;
				TEST_TARGET_NAME = DenemeSDK;
			};
			name = Release;
		};
/* End XCBuildConfiguration section */

/* Begin XCConfigurationList section */
		2D291C301EC08EC900C9FB78 /* Build configuration list for PBXProject "DenemeSDK" */ = {
			isa = XCConfigurationList;
			buildConfigurations = (
				2D291C5B1EC08EC900C9FB78 /* Debug */,
				2D291C5C1EC08EC900C9FB78 /* Release */,
			);
			defaultConfigurationIsVisible = 0;
			defaultConfigurationName = Release;
		};
		2D291C5D1EC08EC900C9FB78 /* Build configuration list for PBXNativeTarget "DenemeSDK" */ = {
			isa = XCConfigurationList;
			buildConfigurations = (
				2D291C5E1EC08EC900C9FB78 /* Debug */,
				2D291C5F1EC08EC900C9FB78 /* Release */,
			);
			defaultConfigurationIsVisible = 0;
			defaultConfigurationName = Release;
		};
		2D291C601EC08EC900C9FB78 /* Build configuration list for PBXNativeTarget "DenemeSDKTests" */ = {
			isa = XCConfigurationList;
			buildConfigurations = (
				2D291C611EC08EC900C9FB78 /* Debug */,
				2D291C621EC08EC900C9FB78 /* Release */,
			);
			defaultConfigurationIsVisible = 0;
			defaultConfigurationName = Release;
		};
		2D291C631EC08EC900C9FB78 /* Build configuration list for PBXNativeTarget "DenemeSDKUITests" */ = {
			isa = XCConfigurationList;
			buildConfigurations = (
				2D291C641EC08EC900C9FB78 /* Debug */,
				2D291C651EC08EC900C9FB78 /* Release */,
			);
			defaultConfigurationIsVisible = 0;
			defaultConfigurationName = Release;
		};
/* End XCConfigurationList section */
	};
	rootObject = 2D291C2D1EC08EC900C9FB78 /* Project object */;
}
